
Microsoft Visual Studio Solution File, Format Version 12.00
# Visual Studio Version 17
VisualStudioVersion = 17.8.34408.163
MinimumVisualStudioVersion = 10.0.40219.1
Project("{9A19103F-16F7-4668-BE54-9A1E7A4F7556}") = "clvm", "clvm\clvm.csproj", "{1E371FBC-192F-4BBF-AB08-295EE84C2FF9}"
EndProject
Project("{9A19103F-16F7-4668-BE54-9A1E7A4F7556}") = "clvm.tests", "clvm.tests\clvm.tests.csproj", "{8672D063-0F99-41A4-825D-A978B042E51B}"
EndProject
Project("{9A19103F-16F7-4668-BE54-9A1E7A4F7556}") = "clvm.testharness", "clvm.testharness\clvm.testharness.csproj", "{99824BF5-09F8-41EC-9914-8701D1421E79}"
EndProject
Global
	GlobalSection(SolutionConfigurationPlatforms) = preSolution
		Debug|Any CPU = Debug|Any CPU
		Release|Any CPU = Release|Any CPU
	EndGlobalSection
	GlobalSection(ProjectConfigurationPlatforms) = postSolution
		{1E371FBC-192F-4BBF-AB08-295EE84C2FF9}.Debug|Any CPU.ActiveCfg = Debug|Any CPU
		{1E371FBC-192F-4BBF-AB08-295EE84C2FF9}.Debug|Any CPU.Build.0 = Debug|Any CPU
		{1E371FBC-192F-4BBF-AB08-295EE84C2FF9}.Release|Any CPU.ActiveCfg = Release|Any CPU
		{1E371FBC-192F-4BBF-AB08-295EE84C2FF9}.Release|Any CPU.Build.0 = Release|Any CPU
		{8672D063-0F99-41A4-825D-A978B042E51B}.Debug|Any CPU.ActiveCfg = Debug|Any CPU
		{8672D063-0F99-41A4-825D-A978B042E51B}.Debug|Any CPU.Build.0 = Debug|Any CPU
		{8672D063-0F99-41A4-825D-A978B042E51B}.Release|Any CPU.ActiveCfg = Release|Any CPU
		{8672D063-0F99-41A4-825D-A978B042E51B}.Release|Any CPU.Build.0 = Release|Any CPU
		{99824BF5-09F8-41EC-9914-8701D1421E79}.Debug|Any CPU.ActiveCfg = Debug|Any CPU
		{99824BF5-09F8-41EC-9914-8701D1421E79}.Debug|Any CPU.Build.0 = Debug|Any CPU
		{99824BF5-09F8-41EC-9914-8701D1421E79}.Release|Any CPU.ActiveCfg = Release|Any CPU
		{99824BF5-09F8-41EC-9914-8701D1421E79}.Release|Any CPU.Build.0 = Release|Any CPU
	EndGlobalSection
	GlobalSection(SolutionProperties) = preSolution
		HideSolutionNode = FALSE
	EndGlobalSection
	GlobalSection(ExtensibilityGlobals) = postSolution
		SolutionGuid = {2CA1677A-BD81-46B3-8C3B-DCCED3AA93A7}
	EndGlobalSection
EndGlobal
